github.com/balinomad/go-atomicwriter v1.0.1 h1:jUzEy3hsJwF/Tj9fm3A4HN+P84RjgXJfuoIBZJP8saw=
github.com/balinomad/go-atomicwriter v1.0.1/go.mod h1:QaEVyXViHIIu61AYG580rjMHsGx2D0/w4GP4//sDezs=
github.com/balinomad/go-unilog v0.0.0-20251119011455-1bd33c8d3b6d h1:lgIvSZ5Ft+rDcTqTcl7SMQIZcM7TxL4HGvy8hCHdd1k=
github.com/balinomad/go-unilog v0.0.0-20251119011455-1bd33c8d3b6d/go.mod h1:CDFIQDrqCJZYH9dG3JwtXK0L0co6Oolx/BSsYiFdS0E=
