github.com/balinomad/go-atomicwriter v1.0.1 h1:jUzEy3hsJwF/Tj9fm3A4HN+P84RjgXJfuoIBZJP8saw=
github.com/balinomad/go-atomicwriter v1.0.1/go.mod h1:QaEVyXViHIIu61AYG580rjMHsGx2D0/w4GP4//sDezs=
github.com/balinomad/go-unilog v0.0.0-20251115035305-0ff3e566cbce h1:8sXpbamJvCJpBsMkujUgOdXyv74k1SY8SlkbF5oROJg=
github.com/balinomad/go-unilog v0.0.0-20251115035305-0ff3e566cbce/go.mod h1:CDFIQDrqCJZYH9dG3JwtXK0L0co6Oolx/BSsYiFdS0E=
