github.com/balinomad/go-atomicwriter v1.0.1 h1:jUzEy3hsJwF/Tj9fm3A4HN+P84RjgXJfuoIBZJP8saw=
github.com/balinomad/go-atomicwriter v1.0.1/go.mod h1:QaEVyXViHIIu61AYG580rjMHsGx2D0/w4GP4//sDezs=
github.com/balinomad/go-caller v1.0.0 h1:cuzQHupOmhfWIOWz+Mi9kSqPT70NLbe07lMNJ0hrIFk=
github.com/balinomad/go-caller v1.0.0/go.mod h1:v+ANiNL+PwvzmZsfBJxq7OtIBFborLxlOnEx1TzxCYM=
github.com/balinomad/go-unilog v0.0.0-20251121032946-11d98d413577 h1:TylsN5+73VFXB/QtwIoN0GYJzABRTlCS4mwO/Qj2kWQ=
github.com/balinomad/go-unilog v0.0.0-20251121032946-11d98d413577/go.mod h1:CDFIQDrqCJZYH9dG3JwtXK0L0co6Oolx/BSsYiFdS0E=
