github.com/balinomad/go-atomicwriter v1.0.1 h1:jUzEy3hsJwF/Tj9fm3A4HN+P84RjgXJfuoIBZJP8saw=
github.com/balinomad/go-atomicwriter v1.0.1/go.mod h1:QaEVyXViHIIu61AYG580rjMHsGx2D0/w4GP4//sDezs=
github.com/balinomad/go-caller v1.0.0 h1:cuzQHupOmhfWIOWz+Mi9kSqPT70NLbe07lMNJ0hrIFk=
github.com/balinomad/go-caller v1.0.0/go.mod h1:v+ANiNL+PwvzmZsfBJxq7OtIBFborLxlOnEx1TzxCYM=
github.com/balinomad/go-unilog v0.0.0-20251119005402-f18cff37ed74 h1:vB3xm+5/KoCb8liM8OxIamKMSkJwJujsiQaPEiky3dg=
github.com/balinomad/go-unilog v0.0.0-20251119005402-f18cff37ed74/go.mod h1:CDFIQDrqCJZYH9dG3JwtXK0L0co6Oolx/BSsYiFdS0E=
github.com/inconshreveable/log15/v3 v3.1.0 h1:k2mDgq/cBXG0zfVwoDUGvZfel7r+cGD3/6+5cFhM0Zg=
github.com/inconshreveable/log15/v3 v3.1.0/go.mod h1:wBTTBTUs5OkuP5707+qsSwdJidDzxReILCwJgEb8lN8=
github.com/mattn/go-colorable v0.1.14 h1:9A9LHSqF/7dyVVX6g0U9cwm9pG3kP9gSzcuIPHPsaIE=
github.com/mattn/go-colorable v0.1.14/go.mod h1:6LmQG8QLFO4G5z1gPvYEzlUgJ2wF+stgPZH1UqBm1s8=
github.com/mattn/go-isatty v0.0.20 h1:xfD0iDuEKnDkl03q4limB+vH+GxLEtL/jb4xVJSWWEY=
github.com/mattn/go-isatty v0.0.20/go.mod h1:W+V8PltTTMOvKvAeJH7IuucS94S2C6jfK/D7dTCTo3Y=
golang.org/x/sys v0.6.0/go.mod h1:oPkhp1MJrh7nUepCBck5+mAzfO9JrbApNNgaTdGDITg=
golang.org/x/sys v0.38.0 h1:3yZWxaJjBmCWXqhN1qh02AkOnCQ1poK6oF+a7xWL6Gc=
golang.org/x/sys v0.38.0/go.mod h1:OgkHotnGiDImocRcuBABYBEXf8A9a87e/uXjp9XT3ks=
golang.org/x/term v0.37.0 h1:8EGAD0qCmHYZg6J17DvsMy9/wJ7/D/4pV/wfnld5lTU=
golang.org/x/term v0.37.0/go.mod h1:5pB4lxRNYYVZuTLmy8oR2BH8dflOR+IbTYFD8fi3254=
