github.com/balinomad/go-atomicwriter v1.0.1 h1:jUzEy3hsJwF/Tj9fm3A4HN+P84RjgXJfuoIBZJP8saw=
github.com/balinomad/go-atomicwriter v1.0.1/go.mod h1:QaEVyXViHIIu61AYG580rjMHsGx2D0/w4GP4//sDezs=
github.com/balinomad/go-caller v1.0.0 h1:cuzQHupOmhfWIOWz+Mi9kSqPT70NLbe07lMNJ0hrIFk=
github.com/balinomad/go-caller v1.0.0/go.mod h1:v+ANiNL+PwvzmZsfBJxq7OtIBFborLxlOnEx1TzxCYM=
github.com/balinomad/go-unilog v0.0.0-20251103020302-050cde3eee4b h1:lYuGv9QfFoYBRE4G+ASImhYAmnlkihJbrkNwQiBjKOA=
github.com/balinomad/go-unilog v0.0.0-20251103020302-050cde3eee4b/go.mod h1:0Rn/24UV68xMmM4CXAPZ+PLdzXqvdyFtG7WI6aXT1co=
github.com/inconshreveable/log15/v3 v3.1.0 h1:k2mDgq/cBXG0zfVwoDUGvZfel7r+cGD3/6+5cFhM0Zg=
github.com/inconshreveable/log15/v3 v3.1.0/go.mod h1:wBTTBTUs5OkuP5707+qsSwdJidDzxReILCwJgEb8lN8=
github.com/mattn/go-colorable v0.1.14 h1:9A9LHSqF/7dyVVX6g0U9cwm9pG3kP9gSzcuIPHPsaIE=
github.com/mattn/go-colorable v0.1.14/go.mod h1:6LmQG8QLFO4G5z1gPvYEzlUgJ2wF+stgPZH1UqBm1s8=
github.com/mattn/go-isatty v0.0.20 h1:xfD0iDuEKnDkl03q4limB+vH+GxLEtL/jb4xVJSWWEY=
github.com/mattn/go-isatty v0.0.20/go.mod h1:W+V8PltTTMOvKvAeJH7IuucS94S2C6jfK/D7dTCTo3Y=
golang.org/x/sys v0.6.0/go.mod h1:oPkhp1MJrh7nUepCBck5+mAzfO9JrbApNNgaTdGDITg=
golang.org/x/sys v0.35.0 h1:vz1N37gP5bs89s7He8XuIYXpyY0+QlsKmzipCbUtyxI=
golang.org/x/sys v0.35.0/go.mod h1:BJP2sWEmIv4KK5OTEluFJCKSidICx8ciO85XgH3Ak8k=
golang.org/x/term v0.34.0 h1:O/2T7POpk0ZZ7MAzMeWFSg6S5IpWd/RXDlM9hgM3DR4=
golang.org/x/term v0.34.0/go.mod h1:5jC53AEywhIVebHgPVeg0mj8OD3VO9OzclacVrqpaAw=
