github.com/balinomad/go-atomicwriter v1.0.1 h1:jUzEy3hsJwF/Tj9fm3A4HN+P84RjgXJfuoIBZJP8saw=
github.com/balinomad/go-atomicwriter v1.0.1/go.mod h1:QaEVyXViHIIu61AYG580rjMHsGx2D0/w4GP4//sDezs=
github.com/balinomad/go-caller v1.0.0 h1:cuzQHupOmhfWIOWz+Mi9kSqPT70NLbe07lMNJ0hrIFk=
github.com/balinomad/go-caller v1.0.0/go.mod h1:v+ANiNL+PwvzmZsfBJxq7OtIBFborLxlOnEx1TzxCYM=
github.com/balinomad/go-unilog v0.0.0-20251102032341-05a46a3c5ea8 h1:iP4CvQj7t1fbzNBCFwz7hbueoxSzvj4+6yFLyke0SPQ=
github.com/balinomad/go-unilog v0.0.0-20251102032341-05a46a3c5ea8/go.mod h1:5EdSZoFBnt4JJ9KChNqnMNqGDE721+Hps5VIdQjkwU4=
github.com/inconshreveable/log15/v3 v3.1.0 h1:k2mDgq/cBXG0zfVwoDUGvZfel7r+cGD3/6+5cFhM0Zg=
github.com/inconshreveable/log15/v3 v3.1.0/go.mod h1:wBTTBTUs5OkuP5707+qsSwdJidDzxReILCwJgEb8lN8=
github.com/mattn/go-colorable v0.1.14 h1:9A9LHSqF/7dyVVX6g0U9cwm9pG3kP9gSzcuIPHPsaIE=
github.com/mattn/go-colorable v0.1.14/go.mod h1:6LmQG8QLFO4G5z1gPvYEzlUgJ2wF+stgPZH1UqBm1s8=
github.com/mattn/go-isatty v0.0.20 h1:xfD0iDuEKnDkl03q4limB+vH+GxLEtL/jb4xVJSWWEY=
github.com/mattn/go-isatty v0.0.20/go.mod h1:W+V8PltTTMOvKvAeJH7IuucS94S2C6jfK/D7dTCTo3Y=
golang.org/x/sys v0.6.0/go.mod h1:oPkhp1MJrh7nUepCBck5+mAzfO9JrbApNNgaTdGDITg=
golang.org/x/sys v0.34.0 h1:H5Y5sJ2L2JRdyv7ROF1he/lPdvFsd0mJHFw2ThKHxLA=
golang.org/x/sys v0.34.0/go.mod h1:BJP2sWEmIv4KK5OTEluFJCKSidICx8ciO85XgH3Ak8k=
golang.org/x/sys v0.35.0/go.mod h1:BJP2sWEmIv4KK5OTEluFJCKSidICx8ciO85XgH3Ak8k=
golang.org/x/term v0.33.0 h1:NuFncQrRcaRvVmgRkvM3j/F00gWIAlcmlB8ACEKmGIg=
golang.org/x/term v0.33.0/go.mod h1:s18+ql9tYWp1IfpV9DmCtQDDSRBUjKaw9M1eAv5UeF0=
golang.org/x/term v0.34.0/go.mod h1:5jC53AEywhIVebHgPVeg0mj8OD3VO9OzclacVrqpaAw=
